
Microsoft Visual Studio Solution File, Format Version 9.00
# Visual Studio 2005
Project("{F184B08F-C81C-45F6-A57F-5ABD9991F28F}") = "SerialPort", "SerialPort\SerialPort.vbproj", "{CBFD8C1F-3308-46EE-BEB1-7E9E5BD91666}"
EndProject
Global
	GlobalSection(SolutionConfigurationPlatforms) = preSolution
		Debug|Any CPU = Debug|Any CPU
		Release|Any CPU = Release|Any CPU
	EndGlobalSection
	GlobalSection(ProjectConfigurationPlatforms) = postSolution
		{CBFD8C1F-3308-46EE-BEB1-7E9E5BD91666}.Debug|Any CPU.ActiveCfg = Debug|Any CPU
		{CBFD8C1F-3308-46EE-BEB1-7E9E5BD91666}.Debug|Any CPU.Build.0 = Debug|Any CPU
		{CBFD8C1F-3308-46EE-BEB1-7E9E5BD91666}.Debug|Any CPU.Deploy.0 = Debug|Any CPU
		{CBFD8C1F-3308-46EE-BEB1-7E9E5BD91666}.Release|Any CPU.ActiveCfg = Release|Any CPU
		{CBFD8C1F-3308-46EE-BEB1-7E9E5BD91666}.Release|Any CPU.Build.0 = Release|Any CPU
		{CBFD8C1F-3308-46EE-BEB1-7E9E5BD91666}.Release|Any CPU.Deploy.0 = Release|Any CPU
	EndGlobalSection
	GlobalSection(SolutionProperties) = preSolution
		HideSolutionNode = FALSE
	EndGlobalSection
EndGlobal
