
Microsoft Visual Studio Solution File, Format Version 9.00
# Visual Studio 2005
Project("{F184B08F-C81C-45F6-A57F-5ABD9991F28F}") = "Keys", "Keys\Keys.vbproj", "{140DB65C-A067-4A32-A04A-1461437CCDBE}"
EndProject
Global
	GlobalSection(SolutionConfigurationPlatforms) = preSolution
		Debug|Any CPU = Debug|Any CPU
		Release|Any CPU = Release|Any CPU
	EndGlobalSection
	GlobalSection(ProjectConfigurationPlatforms) = postSolution
		{140DB65C-A067-4A32-A04A-1461437CCDBE}.Debug|Any CPU.ActiveCfg = Debug|Any CPU
		{140DB65C-A067-4A32-A04A-1461437CCDBE}.Debug|Any CPU.Build.0 = Debug|Any CPU
		{140DB65C-A067-4A32-A04A-1461437CCDBE}.Debug|Any CPU.Deploy.0 = Debug|Any CPU
		{140DB65C-A067-4A32-A04A-1461437CCDBE}.Release|Any CPU.ActiveCfg = Release|Any CPU
		{140DB65C-A067-4A32-A04A-1461437CCDBE}.Release|Any CPU.Build.0 = Release|Any CPU
		{140DB65C-A067-4A32-A04A-1461437CCDBE}.Release|Any CPU.Deploy.0 = Release|Any CPU
	EndGlobalSection
	GlobalSection(SolutionProperties) = preSolution
		HideSolutionNode = FALSE
	EndGlobalSection
EndGlobal
